
Microsoft Visual Studio Solution File, Format Version 12.00
# Visual Studio Version 16
VisualStudioVersion = 16.0.30517.126
MinimumVisualStudioVersion = 10.0.40219.1
Project("{FAE04EC0-301F-11D3-BF4B-00C04F79EFBC}") = "IfStatements", "IfStatements\IfStatements.csproj", "{3BDA5022-7BD7-4F9B-91F4-A7F276014590}"
EndProject
Project("{FAE04EC0-301F-11D3-BF4B-00C04F79EFBC}") = "PermanentDivingLisence", "PermanentDivingLisence\PermanentDivingLisence.csproj", "{655DA98E-C324-4E81-A1E8-55D9BF137B49}"
EndProject
Project("{FAE04EC0-301F-11D3-BF4B-00C04F79EFBC}") = "PositiveNegative", "PositiveNegative\PositiveNegative.csproj", "{6756D7DA-8B4E-46BF-AC96-21E4E18F6319}"
EndProject
Project("{FAE04EC0-301F-11D3-BF4B-00C04F79EFBC}") = "PersonalityTest", "PersonalityTest\PersonalityTest.csproj", "{72A9EEFB-8EFE-4B57-BF76-24ADA8E881F1}"
EndProject
Global
	GlobalSection(SolutionConfigurationPlatforms) = preSolution
		Debug|Any CPU = Debug|Any CPU
		Release|Any CPU = Release|Any CPU
	EndGlobalSection
	GlobalSection(ProjectConfigurationPlatforms) = postSolution
		{3BDA5022-7BD7-4F9B-91F4-A7F276014590}.Debug|Any CPU.ActiveCfg = Debug|Any CPU
		{3BDA5022-7BD7-4F9B-91F4-A7F276014590}.Debug|Any CPU.Build.0 = Debug|Any CPU
		{3BDA5022-7BD7-4F9B-91F4-A7F276014590}.Release|Any CPU.ActiveCfg = Release|Any CPU
		{3BDA5022-7BD7-4F9B-91F4-A7F276014590}.Release|Any CPU.Build.0 = Release|Any CPU
		{655DA98E-C324-4E81-A1E8-55D9BF137B49}.Debug|Any CPU.ActiveCfg = Debug|Any CPU
		{655DA98E-C324-4E81-A1E8-55D9BF137B49}.Debug|Any CPU.Build.0 = Debug|Any CPU
		{655DA98E-C324-4E81-A1E8-55D9BF137B49}.Release|Any CPU.ActiveCfg = Release|Any CPU
		{655DA98E-C324-4E81-A1E8-55D9BF137B49}.Release|Any CPU.Build.0 = Release|Any CPU
		{6756D7DA-8B4E-46BF-AC96-21E4E18F6319}.Debug|Any CPU.ActiveCfg = Debug|Any CPU
		{6756D7DA-8B4E-46BF-AC96-21E4E18F6319}.Debug|Any CPU.Build.0 = Debug|Any CPU
		{6756D7DA-8B4E-46BF-AC96-21E4E18F6319}.Release|Any CPU.ActiveCfg = Release|Any CPU
		{6756D7DA-8B4E-46BF-AC96-21E4E18F6319}.Release|Any CPU.Build.0 = Release|Any CPU
		{72A9EEFB-8EFE-4B57-BF76-24ADA8E881F1}.Debug|Any CPU.ActiveCfg = Debug|Any CPU
		{72A9EEFB-8EFE-4B57-BF76-24ADA8E881F1}.Debug|Any CPU.Build.0 = Debug|Any CPU
		{72A9EEFB-8EFE-4B57-BF76-24ADA8E881F1}.Release|Any CPU.ActiveCfg = Release|Any CPU
		{72A9EEFB-8EFE-4B57-BF76-24ADA8E881F1}.Release|Any CPU.Build.0 = Release|Any CPU
	EndGlobalSection
	GlobalSection(SolutionProperties) = preSolution
		HideSolutionNode = FALSE
	EndGlobalSection
	GlobalSection(ExtensibilityGlobals) = postSolution
		SolutionGuid = {CD2D0BDB-4056-4FCE-8491-3C4841DC195A}
	EndGlobalSection
EndGlobal
